
Microsoft Visual Studio Solution File, Format Version 12.00
# Visual Studio Version 17
VisualStudioVersion = 17.10.35122.118
MinimumVisualStudioVersion = 10.0.40219.1
Project("{FAE04EC0-301F-11D3-BF4B-00C04F79EFBC}") = "MediaAluno", "MediaAluno\MediaAluno.csproj", "{8FE765B0-A51A-44E3-9D02-32BB3D35624C}"
EndProject
Global
	GlobalSection(SolutionConfigurationPlatforms) = preSolution
		Debug|Any CPU = Debug|Any CPU
		Release|Any CPU = Release|Any CPU
	EndGlobalSection
	GlobalSection(ProjectConfigurationPlatforms) = postSolution
		{8FE765B0-A51A-44E3-9D02-32BB3D35624C}.Debug|Any CPU.ActiveCfg = Debug|Any CPU
		{8FE765B0-A51A-44E3-9D02-32BB3D35624C}.Debug|Any CPU.Build.0 = Debug|Any CPU
		{8FE765B0-A51A-44E3-9D02-32BB3D35624C}.Release|Any CPU.ActiveCfg = Release|Any CPU
		{8FE765B0-A51A-44E3-9D02-32BB3D35624C}.Release|Any CPU.Build.0 = Release|Any CPU
	EndGlobalSection
	GlobalSection(SolutionProperties) = preSolution
		HideSolutionNode = FALSE
	EndGlobalSection
	GlobalSection(ExtensibilityGlobals) = postSolution
		SolutionGuid = {7A920F6E-E5C0-4D48-8CC0-274942956EBF}
	EndGlobalSection
EndGlobal
